
Microsoft Visual Studio Solution File, Format Version 11.00
# Visual Studio 2010
Project("{FAE04EC0-301F-11D3-BF4B-00C04F79EFBC}") = "MapleStoryHooks", "MapleStoryHooks\MapleStoryHooks.csproj", "{CF268188-1A10-4327-B3B9-EAD0C5A2D27B}"
EndProject
Project("{FAE04EC0-301F-11D3-BF4B-00C04F79EFBC}") = "MapleStoryHookLibrary", "MapleStoryHookLibrary\MapleStoryHookLibrary.csproj", "{16DC4DCB-1813-4668-A72D-FB6C73F6D34C}"
EndProject
Global
	GlobalSection(SolutionConfigurationPlatforms) = preSolution
		Debug|Any CPU = Debug|Any CPU
		Debug|Mixed Platforms = Debug|Mixed Platforms
		Debug|x86 = Debug|x86
		Release|Any CPU = Release|Any CPU
		Release|Mixed Platforms = Release|Mixed Platforms
		Release|x86 = Release|x86
	EndGlobalSection
	GlobalSection(ProjectConfigurationPlatforms) = postSolution
		{CF268188-1A10-4327-B3B9-EAD0C5A2D27B}.Debug|Any CPU.ActiveCfg = Debug|x86
		{CF268188-1A10-4327-B3B9-EAD0C5A2D27B}.Debug|Mixed Platforms.ActiveCfg = Debug|x86
		{CF268188-1A10-4327-B3B9-EAD0C5A2D27B}.Debug|Mixed Platforms.Build.0 = Debug|x86
		{CF268188-1A10-4327-B3B9-EAD0C5A2D27B}.Debug|x86.ActiveCfg = Debug|x86
		{CF268188-1A10-4327-B3B9-EAD0C5A2D27B}.Debug|x86.Build.0 = Debug|x86
		{CF268188-1A10-4327-B3B9-EAD0C5A2D27B}.Release|Any CPU.ActiveCfg = Release|x86
		{CF268188-1A10-4327-B3B9-EAD0C5A2D27B}.Release|Mixed Platforms.ActiveCfg = Release|x86
		{CF268188-1A10-4327-B3B9-EAD0C5A2D27B}.Release|Mixed Platforms.Build.0 = Release|x86
		{CF268188-1A10-4327-B3B9-EAD0C5A2D27B}.Release|x86.ActiveCfg = Release|x86
		{CF268188-1A10-4327-B3B9-EAD0C5A2D27B}.Release|x86.Build.0 = Release|x86
		{16DC4DCB-1813-4668-A72D-FB6C73F6D34C}.Debug|Any CPU.ActiveCfg = Debug|Any CPU
		{16DC4DCB-1813-4668-A72D-FB6C73F6D34C}.Debug|Any CPU.Build.0 = Debug|Any CPU
		{16DC4DCB-1813-4668-A72D-FB6C73F6D34C}.Debug|Mixed Platforms.ActiveCfg = Debug|Any CPU
		{16DC4DCB-1813-4668-A72D-FB6C73F6D34C}.Debug|Mixed Platforms.Build.0 = Debug|Any CPU
		{16DC4DCB-1813-4668-A72D-FB6C73F6D34C}.Debug|x86.ActiveCfg = Debug|Any CPU
		{16DC4DCB-1813-4668-A72D-FB6C73F6D34C}.Release|Any CPU.ActiveCfg = Release|Any CPU
		{16DC4DCB-1813-4668-A72D-FB6C73F6D34C}.Release|Any CPU.Build.0 = Release|Any CPU
		{16DC4DCB-1813-4668-A72D-FB6C73F6D34C}.Release|Mixed Platforms.ActiveCfg = Release|Any CPU
		{16DC4DCB-1813-4668-A72D-FB6C73F6D34C}.Release|Mixed Platforms.Build.0 = Release|Any CPU
		{16DC4DCB-1813-4668-A72D-FB6C73F6D34C}.Release|x86.ActiveCfg = Release|Any CPU
	EndGlobalSection
	GlobalSection(SolutionProperties) = preSolution
		HideSolutionNode = FALSE
	EndGlobalSection
	GlobalSection(ExtensibilityGlobals) = postSolution
		VisualSVNWorkingCopyRoot = .
	EndGlobalSection
EndGlobal
